
Microsoft Visual Studio Solution File, Format Version 12.00
# Visual Studio 2012
Project("{FAE04EC0-301F-11D3-BF4B-00C04F79EFBC}") = "WinHook", "WinHook.csproj", "{ABC247F3-02AF-407F-B613-33CCF1322F49}"
EndProject
Global
	GlobalSection(SolutionConfigurationPlatforms) = preSolution
		Debug|Any CPU = Debug|Any CPU
		Release|Any CPU = Release|Any CPU
	EndGlobalSection
	GlobalSection(ProjectConfigurationPlatforms) = postSolution
		{ABC247F3-02AF-407F-B613-33CCF1322F49}.Debug|Any CPU.ActiveCfg = Debug|Any CPU
		{ABC247F3-02AF-407F-B613-33CCF1322F49}.Debug|Any CPU.Build.0 = Debug|Any CPU
		{ABC247F3-02AF-407F-B613-33CCF1322F49}.Release|Any CPU.ActiveCfg = Release|Any CPU
		{ABC247F3-02AF-407F-B613-33CCF1322F49}.Release|Any CPU.Build.0 = Release|Any CPU
	EndGlobalSection
	GlobalSection(SolutionProperties) = preSolution
		HideSolutionNode = FALSE
	EndGlobalSection
EndGlobal
